
Microsoft Visual Studio Solution File, Format Version 12.00
# Visual Studio 14
VisualStudioVersion = 14.0.25420.1
MinimumVisualStudioVersion = 10.0.40219.1
Project("{FAE04EC0-301F-11D3-BF4B-00C04F79EFBC}") = "RecapNedarvning", "RecapNedarvning\RecapNedarvning.csproj", "{9C9142DC-DA15-426B-8476-72402C554D12}"
EndProject
Project("{FAE04EC0-301F-11D3-BF4B-00C04F79EFBC}") = "RecapNedarvningTests", "RecapNedarvningTests\RecapNedarvningTests.csproj", "{0BC9027F-96FB-4EB3-AB73-BD34A83E2AAA}"
EndProject
Global
	GlobalSection(SolutionConfigurationPlatforms) = preSolution
		Debug|Any CPU = Debug|Any CPU
		Release|Any CPU = Release|Any CPU
	EndGlobalSection
	GlobalSection(ProjectConfigurationPlatforms) = postSolution
		{9C9142DC-DA15-426B-8476-72402C554D12}.Debug|Any CPU.ActiveCfg = Debug|Any CPU
		{9C9142DC-DA15-426B-8476-72402C554D12}.Debug|Any CPU.Build.0 = Debug|Any CPU
		{9C9142DC-DA15-426B-8476-72402C554D12}.Release|Any CPU.ActiveCfg = Release|Any CPU
		{9C9142DC-DA15-426B-8476-72402C554D12}.Release|Any CPU.Build.0 = Release|Any CPU
		{0BC9027F-96FB-4EB3-AB73-BD34A83E2AAA}.Debug|Any CPU.ActiveCfg = Debug|Any CPU
		{0BC9027F-96FB-4EB3-AB73-BD34A83E2AAA}.Debug|Any CPU.Build.0 = Debug|Any CPU
		{0BC9027F-96FB-4EB3-AB73-BD34A83E2AAA}.Release|Any CPU.ActiveCfg = Release|Any CPU
		{0BC9027F-96FB-4EB3-AB73-BD34A83E2AAA}.Release|Any CPU.Build.0 = Release|Any CPU
	EndGlobalSection
	GlobalSection(SolutionProperties) = preSolution
		HideSolutionNode = FALSE
	EndGlobalSection
EndGlobal
